
Microsoft Visual Studio Solution File, Format Version 12.00
# Visual Studio Version 17
VisualStudioVersion = 17.8.34511.84
MinimumVisualStudioVersion = 10.0.40219.1
Project("{FAE04EC0-301F-11D3-BF4B-00C04F79EFBC}") = "PeliculasAPI", "PeliculasAPI.csproj", "{3ECBD927-70BC-4D3E-A94B-348227C9A631}"
EndProject
Global
	GlobalSection(SolutionConfigurationPlatforms) = preSolution
		Debug|Any CPU = Debug|Any CPU
		Release|Any CPU = Release|Any CPU
	EndGlobalSection
	GlobalSection(ProjectConfigurationPlatforms) = postSolution
		{3ECBD927-70BC-4D3E-A94B-348227C9A631}.Debug|Any CPU.ActiveCfg = Debug|Any CPU
		{3ECBD927-70BC-4D3E-A94B-348227C9A631}.Debug|Any CPU.Build.0 = Debug|Any CPU
		{3ECBD927-70BC-4D3E-A94B-348227C9A631}.Release|Any CPU.ActiveCfg = Release|Any CPU
		{3ECBD927-70BC-4D3E-A94B-348227C9A631}.Release|Any CPU.Build.0 = Release|Any CPU
	EndGlobalSection
	GlobalSection(SolutionProperties) = preSolution
		HideSolutionNode = FALSE
	EndGlobalSection
	GlobalSection(ExtensibilityGlobals) = postSolution
		SolutionGuid = {F415600C-86F2-43AB-9829-FE7BB6FCACFA}
	EndGlobalSection
EndGlobal
